// !$*UTF8*$!
{
	archiveVersion = 1;
	classes = {
	};
	objectVersion = 46;
	objects = {

/* Begin PBXBuildFile section */
		08485A9E7865AB3DF57E48CC /* Pods_Yelp.framework in Frameworks */ = {isa = PBXBuildFile; fileRef = C116285BF2F61E6F92C99C77 /* Pods_Yelp.framework */; };
		44B288721C02299E007B75EF /* AppDelegate.swift in Sources */ = {isa = PBXBuildFile; fileRef = 44B288711C02299E007B75EF /* AppDelegate.swift */; };
		44B288771C02299E007B75EF /* Main.storyboard in Resources */ = {isa = PBXBuildFile; fileRef = 44B288751C02299E007B75EF /* Main.storyboard */; };
		44B288791C02299E007B75EF /* Assets.xcassets in Resources */ = {isa = PBXBuildFile; fileRef = 44B288781C02299E007B75EF /* Assets.xcassets */; };
		44B2887C1C02299E007B75EF /* LaunchScreen.storyboard in Resources */ = {isa = PBXBuildFile; fileRef = 44B2887A1C02299E007B75EF /* LaunchScreen.storyboard */; };
		44B2888E1C022A1A007B75EF /* BusinessesViewController.swift in Sources */ = {isa = PBXBuildFile; fileRef = 44B288831C022A1A007B75EF /* BusinessesViewController.swift */; };
		44B2888F1C022A1A007B75EF /* YelpClient.swift in Sources */ = {isa = PBXBuildFile; fileRef = 44B288841C022A1A007B75EF /* YelpClient.swift */; };
		44B288911C022A1A007B75EF /* Business.swift in Sources */ = {isa = PBXBuildFile; fileRef = 44B288861C022A1A007B75EF /* Business.swift */; };
		44B288921C022A1A007B75EF /* FiltersRadioTableViewCell.swift in Sources */ = {isa = PBXBuildFile; fileRef = 44B288871C022A1A007B75EF /* FiltersRadioTableViewCell.swift */; };
		44B288931C022A1A007B75EF /* FiltersSwitchTableViewCell.swift in Sources */ = {isa = PBXBuildFile; fileRef = 44B288881C022A1A007B75EF /* FiltersSwitchTableViewCell.swift */; };
		44B288941C022A1A007B75EF /* FiltersTableViewController.swift in Sources */ = {isa = PBXBuildFile; fileRef = 44B288891C022A1A007B75EF /* FiltersTableViewController.swift */; };
		44B288951C022A1A007B75EF /* BusinessTableViewCell.swift in Sources */ = {isa = PBXBuildFile; fileRef = 44B2888A1C022A1A007B75EF /* BusinessTableViewCell.swift */; };
		44B288961C022A1A007B75EF /* DetailViewController.swift in Sources */ = {isa = PBXBuildFile; fileRef = 44B2888B1C022A1A007B75EF /* DetailViewController.swift */; };
		44B288971C022A1A007B75EF /* FilterConfig.swift in Sources */ = {isa = PBXBuildFile; fileRef = 44B2888C1C022A1A007B75EF /* FilterConfig.swift */; };
/* End PBXBuildFile section */

/* Begin PBXFileReference section */
		2CE125FA0E64F9E8C55418A3 /* Pods-Yelp.debug.xcconfig */ = {isa = PBXFileReference; includeInIndex = 1; lastKnownFileType = text.xcconfig; name = "Pods-Yelp.debug.xcconfig"; path = "Pods/Target Support Files/Pods-Yelp/Pods-Yelp.debug.xcconfig"; sourceTree = "<group>"; };
		405941BC45A8C8A3B5658879 /* Pods-Yelp.release.xcconfig */ = {isa = PBXFileReference; includeInIndex = 1; lastKnownFileType = text.xcconfig; name = "Pods-Yelp.release.xcconfig"; path = "Pods/Target Support Files/Pods-Yelp/Pods-Yelp.release.xcconfig"; sourceTree = "<group>"; };
		44B2886E1C02299E007B75EF /* Yelp.app */ = {isa = PBXFileReference; explicitFileType = wrapper.application; includeInIndex = 0; path = Yelp.app; sourceTree = BUILT_PRODUCTS_DIR; };
		44B288711C02299E007B75EF /* AppDelegate.swift */ = {isa = PBXFileReference; lastKnownFileType = sourcecode.swift; path = AppDelegate.swift; sourceTree = "<group>"; };
		44B288761C02299E007B75EF /* Base */ = {isa = PBXFileReference; lastKnownFileType = file.storyboard; name = Base; path = Base.lproj/Main.storyboard; sourceTree = "<group>"; };
		44B288781C02299E007B75EF /* Assets.xcassets */ = {isa = PBXFileReference; lastKnownFileType = folder.assetcatalog; path = Assets.xcassets; sourceTree = "<group>"; };
		44B2887B1C02299E007B75EF /* Base */ = {isa = PBXFileReference; lastKnownFileType = file.storyboard; name = Base; path = Base.lproj/LaunchScreen.storyboard; sourceTree = "<group>"; };
		44B2887D1C02299E007B75EF /* Info.plist */ = {isa = PBXFileReference; lastKnownFileType = text.plist.xml; path = Info.plist; sourceTree = "<group>"; };
		44B288831C022A1A007B75EF /* BusinessesViewController.swift */ = {isa = PBXFileReference; fileEncoding = 4; lastKnownFileType = sourcecode.swift; path = BusinessesViewController.swift; sourceTree = "<group>"; };
		44B288841C022A1A007B75EF /* YelpClient.swift */ = {isa = PBXFileReference; fileEncoding = 4; lastKnownFileType = sourcecode.swift; path = YelpClient.swift; sourceTree = "<group>"; };
		44B288861C022A1A007B75EF /* Business.swift */ = {isa = PBXFileReference; fileEncoding = 4; lastKnownFileType = sourcecode.swift; path = Business.swift; sourceTree = "<group>"; };
		44B288871C022A1A007B75EF /* FiltersRadioTableViewCell.swift */ = {isa = PBXFileReference; fileEncoding = 4; lastKnownFileType = sourcecode.swift; path = FiltersRadioTableViewCell.swift; sourceTree = "<group>"; };
		44B288881C022A1A007B75EF /* FiltersSwitchTableViewCell.swift */ = {isa = PBXFileReference; fileEncoding = 4; lastKnownFileType = sourcecode.swift; path = FiltersSwitchTableViewCell.swift; sourceTree = "<group>"; };
		44B288891C022A1A007B75EF /* FiltersTableViewController.swift */ = {isa = PBXFileReference; fileEncoding = 4; lastKnownFileType = sourcecode.swift; path = FiltersTableViewController.swift; sourceTree = "<group>"; };
		44B2888A1C022A1A007B75EF /* BusinessTableViewCell.swift */ = {isa = PBXFileReference; fileEncoding = 4; lastKnownFileType = sourcecode.swift; path = BusinessTableViewCell.swift; sourceTree = "<group>"; };
		44B2888B1C022A1A007B75EF /* DetailViewController.swift */ = {isa = PBXFileReference; fileEncoding = 4; lastKnownFileType = sourcecode.swift; path = DetailViewController.swift; sourceTree = "<group>"; };
		44B2888C1C022A1A007B75EF /* FilterConfig.swift */ = {isa = PBXFileReference; fileEncoding = 4; lastKnownFileType = sourcecode.swift; path = FilterConfig.swift; sourceTree = "<group>"; };
		44B2888D1C022A1A007B75EF /* Yelp-Bridging-Header.h */ = {isa = PBXFileReference; fileEncoding = 4; lastKnownFileType = sourcecode.c.h; path = "Yelp-Bridging-Header.h"; sourceTree = "<group>"; };
		C116285BF2F61E6F92C99C77 /* Pods_Yelp.framework */ = {isa = PBXFileReference; explicitFileType = wrapper.framework; includeInIndex = 0; path = Pods_Yelp.framework; sourceTree = BUILT_PRODUCTS_DIR; };
/* End PBXFileReference section */

/* Begin PBXFrameworksBuildPhase section */
		44B2886B1C02299E007B75EF /* Frameworks */ = {
			isa = PBXFrameworksBuildPhase;
			buildActionMask = 2147483647;
			files = (
				08485A9E7865AB3DF57E48CC /* Pods_Yelp.framework in Frameworks */,
			);
			runOnlyForDeploymentPostprocessing = 0;
		};
/* End PBXFrameworksBuildPhase section */

/* Begin PBXGroup section */
		4094E72C9CCB150412BC84B1 /* Pods */ = {
			isa = PBXGroup;
			children = (
				2CE125FA0E64F9E8C55418A3 /* Pods-Yelp.debug.xcconfig */,
				405941BC45A8C8A3B5658879 /* Pods-Yelp.release.xcconfig */,
			);
			name = Pods;
			sourceTree = "<group>";
		};
		44B288651C02299E007B75EF = {
			isa = PBXGroup;
			children = (
				44B288701C02299E007B75EF /* Yelp */,
				44B2886F1C02299E007B75EF /* Products */,
				4094E72C9CCB150412BC84B1 /* Pods */,
				E2065DA7E4C62A31CC692CFB /* Frameworks */,
			);
			sourceTree = "<group>";
		};
		44B2886F1C02299E007B75EF /* Products */ = {
			isa = PBXGroup;
			children = (
				44B2886E1C02299E007B75EF /* Yelp.app */,
			);
			name = Products;
			sourceTree = "<group>";
		};
		44B288701C02299E007B75EF /* Yelp */ = {
			isa = PBXGroup;
			children = (
				44B2889C1C022B6C007B75EF /* API */,
				44B2889B1C022B64007B75EF /* Supporting Files */,
				44B2889A1C022B1E007B75EF /* Models */,
				44B288991C022B16007B75EF /* Views */,
				44B288981C022B03007B75EF /* View Controllers */,
				44B2888D1C022A1A007B75EF /* Yelp-Bridging-Header.h */,
				44B288711C02299E007B75EF /* AppDelegate.swift */,
				44B288751C02299E007B75EF /* Main.storyboard */,
				44B2887A1C02299E007B75EF /* LaunchScreen.storyboard */,
				44B288781C02299E007B75EF /* Assets.xcassets */,
			);
			path = Yelp;
			sourceTree = "<group>";
		};
		44B288981C022B03007B75EF /* View Controllers */ = {
			isa = PBXGroup;
			children = (
				44B288831C022A1A007B75EF /* BusinessesViewController.swift */,
				44B288891C022A1A007B75EF /* FiltersTableViewController.swift */,
				44B2888B1C022A1A007B75EF /* DetailViewController.swift */,
			);
			name = "View Controllers";
			sourceTree = "<group>";
		};
		44B288991C022B16007B75EF /* Views */ = {
			isa = PBXGroup;
			children = (
				44B288871C022A1A007B75EF /* FiltersRadioTableViewCell.swift */,
				44B288881C022A1A007B75EF /* FiltersSwitchTableViewCell.swift */,
				44B2888A1C022A1A007B75EF /* BusinessTableViewCell.swift */,
			);
			name = Views;
			sourceTree = "<group>";
		};
		44B2889A1C022B1E007B75EF /* Models */ = {
			isa = PBXGroup;
			children = (
				44B288861C022A1A007B75EF /* Business.swift */,
				44B2888C1C022A1A007B75EF /* FilterConfig.swift */,
			);
			name = Models;
			sourceTree = "<group>";
		};
		44B2889B1C022B64007B75EF /* Supporting Files */ = {
			isa = PBXGroup;
			children = (
				44B2887D1C02299E007B75EF /* Info.plist */,
			);
			name = "Supporting Files";
			sourceTree = "<group>";
		};
		44B2889C1C022B6C007B75EF /* API */ = {
			isa = PBXGroup;
			children = (
				44B288841C022A1A007B75EF /* YelpClient.swift */,
			);
			name = API;
			sourceTree = "<group>";
		};
		E2065DA7E4C62A31CC692CFB /* Frameworks */ = {
			isa = PBXGroup;
			children = (
				C116285BF2F61E6F92C99C77 /* Pods_Yelp.framework */,
			);
			name = Frameworks;
			sourceTree = "<group>";
		};
/* End PBXGroup section */

/* Begin PBXNativeTarget section */
		44B2886D1C02299E007B75EF /* Yelp */ = {
			isa = PBXNativeTarget;
			buildConfigurationList = 44B288801C02299E007B75EF /* Build configuration list for PBXNativeTarget "Yelp" */;
			buildPhases = (
				E3F08EE5D768FA5C10216524 /* Check Pods Manifest.lock */,
				44B2886A1C02299E007B75EF /* Sources */,
				44B2886B1C02299E007B75EF /* Frameworks */,
				44B2886C1C02299E007B75EF /* Resources */,
				C0F51B76706F8F2A41858A2C /* Embed Pods Frameworks */,
				2325511723611C330EE7C87F /* Copy Pods Resources */,
			);
			buildRules = (
			);
			dependencies = (
			);
			name = Yelp;
			productName = Yelp;
			productReference = 44B2886E1C02299E007B75EF /* Yelp.app */;
			productType = "com.apple.product-type.application";
		};
/* End PBXNativeTarget section */

/* Begin PBXProject section */
		44B288661C02299E007B75EF /* Project object */ = {
			isa = PBXProject;
			attributes = {
				LastSwiftUpdateCheck = 0710;
				LastUpgradeCheck = 0710;
				ORGANIZATIONNAME = "Ngo Thanh Tai";
				TargetAttributes = {
					44B2886D1C02299E007B75EF = {
						CreatedOnToolsVersion = 7.1.1;
					};
				};
			};
			buildConfigurationList = 44B288691C02299E007B75EF /* Build configuration list for PBXProject "Yelp" */;
			compatibilityVersion = "Xcode 3.2";
			developmentRegion = English;
			hasScannedForEncodings = 0;
			knownRegions = (
				en,
				Base,
			);
			mainGroup = 44B288651C02299E007B75EF;
			productRefGroup = 44B2886F1C02299E007B75EF /* Products */;
			projectDirPath = "";
			projectRoot = "";
			targets = (
				44B2886D1C02299E007B75EF /* Yelp */,
			);
		};
/* End PBXProject section */

/* Begin PBXResourcesBuildPhase section */
		44B2886C1C02299E007B75EF /* Resources */ = {
			isa = PBXResourcesBuildPhase;
			buildActionMask = 2147483647;
			files = (
				44B2887C1C02299E007B75EF /* LaunchScreen.storyboard in Resources */,
				44B288791C02299E007B75EF /* Assets.xcassets in Resources */,
				44B288771C02299E007B75EF /* Main.storyboard in Resources */,
			);
			runOnlyForDeploymentPostprocessing = 0;
		};
/* End PBXResourcesBuildPhase section */

/* Begin PBXShellScriptBuildPhase section */
		2325511723611C330EE7C87F /* Copy Pods Resources */ = {
			isa = PBXShellScriptBuildPhase;
			buildActionMask = 2147483647;
			files = (
			);
			inputPaths = (
			);
			name = "Copy Pods Resources";
			outputPaths = (
			);
			runOnlyForDeploymentPostprocessing = 0;
			shellPath = /bin/sh;
			shellScript = "\"${SRCROOT}/Pods/Target Support Files/Pods-Yelp/Pods-Yelp-resources.sh\"\n";
			showEnvVarsInLog = 0;
		};
		C0F51B76706F8F2A41858A2C /* Embed Pods Frameworks */ = {
			isa = PBXShellScriptBuildPhase;
			buildActionMask = 2147483647;
			files = (
			);
			inputPaths = (
			);
			name = "Embed Pods Frameworks";
			outputPaths = (
			);
			runOnlyForDeploymentPostprocessing = 0;
			shellPath = /bin/sh;
			shellScript = "\"${SRCROOT}/Pods/Target Support Files/Pods-Yelp/Pods-Yelp-frameworks.sh\"\n";
			showEnvVarsInLog = 0;
		};
		E3F08EE5D768FA5C10216524 /* Check Pods Manifest.lock */ = {
			isa = PBXShellScriptBuildPhase;
			buildActionMask = 2147483647;
			files = (
			);
			inputPaths = (
			);
			name = "Check Pods Manifest.lock";
			outputPaths = (
			);
			runOnlyForDeploymentPostprocessing = 0;
			shellPath = /bin/sh;
			shellScript = "diff \"${PODS_ROOT}/../Podfile.lock\" \"${PODS_ROOT}/Manifest.lock\" > /dev/null\nif [[ $? != 0 ]] ; then\n    cat << EOM\nerror: The sandbox is not in sync with the Podfile.lock. Run 'pod install' or update your CocoaPods installation.\nEOM\n    exit 1\nfi\n";
			showEnvVarsInLog = 0;
		};
/* End PBXShellScriptBuildPhase section */

/* Begin PBXSourcesBuildPhase section */
		44B2886A1C02299E007B75EF /* Sources */ = {
			isa = PBXSourcesBuildPhase;
			buildActionMask = 2147483647;
			files = (
				44B2888F1C022A1A007B75EF /* YelpClient.swift in Sources */,
				44B288721C02299E007B75EF /* AppDelegate.swift in Sources */,
				44B288921C022A1A007B75EF /* FiltersRadioTableViewCell.swift in Sources */,
				44B288931C022A1A007B75EF /* FiltersSwitchTableViewCell.swift in Sources */,
				44B288951C022A1A007B75EF /* BusinessTableViewCell.swift in Sources */,
				44B288911C022A1A007B75EF /* Business.swift in Sources */,
				44B288971C022A1A007B75EF /* FilterConfig.swift in Sources */,
				44B288961C022A1A007B75EF /* DetailViewController.swift in Sources */,
				44B288941C022A1A007B75EF /* FiltersTableViewController.swift in Sources */,
				44B2888E1C022A1A007B75EF /* BusinessesViewController.swift in Sources */,
			);
			runOnlyForDeploymentPostprocessing = 0;
		};
/* End PBXSourcesBuildPhase section */

/* Begin PBXVariantGroup section */
		44B288751C02299E007B75EF /* Main.storyboard */ = {
			isa = PBXVariantGroup;
			children = (
				44B288761C02299E007B75EF /* Base */,
			);
			name = Main.storyboard;
			sourceTree = "<group>";
		};
		44B2887A1C02299E007B75EF /* LaunchScreen.storyboard */ = {
			isa = PBXVariantGroup;
			children = (
				44B2887B1C02299E007B75EF /* Base */,
			);
			name = LaunchScreen.storyboard;
			sourceTree = "<group>";
		};
/* End PBXVariantGroup section */

/* Begin XCBuildConfiguration section */
		44B2887E1C02299E007B75EF /* Debug */ = {
			isa = XCBuildConfiguration;
			buildSettings = {
				ALWAYS_SEARCH_USER_PATHS = NO;
				CLANG_CXX_LANGUAGE_STANDARD = "gnu++0x";
				CLANG_CXX_LIBRARY = "libc++";
				CLANG_ENABLE_MODULES = YES;
				CLANG_ENABLE_OBJC_ARC = YES;
				CLANG_WARN_BOOL_CONVERSION = YES;
				CLANG_WARN_CONSTANT_CONVERSION = YES;
				CLANG_WARN_DIRECT_OBJC_ISA_USAGE = YES_ERROR;
				CLANG_WARN_EMPTY_BODY = YES;
				CLANG_WARN_ENUM_CONVERSION = YES;
				CLANG_WARN_INT_CONVERSION = YES;
				CLANG_WARN_OBJC_ROOT_CLASS = YES_ERROR;
				CLANG_WARN_UNREACHABLE_CODE = YES;
				CLANG_WARN__DUPLICATE_METHOD_MATCH = YES;
				"CODE_SIGN_IDENTITY[sdk=iphoneos*]" = "iPhone Developer";
				COPY_PHASE_STRIP = NO;
				DEBUG_INFORMATION_FORMAT = dwarf;
				ENABLE_STRICT_OBJC_MSGSEND = YES;
				ENABLE_TESTABILITY = YES;
				GCC_C_LANGUAGE_STANDARD = gnu99;
				GCC_DYNAMIC_NO_PIC = NO;
				GCC_NO_COMMON_BLOCKS = YES;
				GCC_OPTIMIZATION_LEVEL = 0;
				GCC_PREPROCESSOR_DEFINITIONS = (
					"DEBUG=1",
					"$(inherited)",
				);
				GCC_WARN_64_TO_32_BIT_CONVERSION = YES;
				GCC_WARN_ABOUT_RETURN_TYPE = YES_ERROR;
				GCC_WARN_UNDECLARED_SELECTOR = YES;
				GCC_WARN_UNINITIALIZED_AUTOS = YES_AGGRESSIVE;
				GCC_WARN_UNUSED_FUNCTION = YES;
				GCC_WARN_UNUSED_VARIABLE = YES;
				IPHONEOS_DEPLOYMENT_TARGET = 9.1;
				MTL_ENABLE_DEBUG_INFO = YES;
				ONLY_ACTIVE_ARCH = YES;
				SDKROOT = iphoneos;
				SWIFT_OPTIMIZATION_LEVEL = "-Onone";
			};
			name = Debug;
		};
		44B2887F1C02299E007B75EF /* Release */ = {
			isa = XCBuildConfiguration;
			buildSettings = {
				ALWAYS_SEARCH_USER_PATHS = NO;
				CLANG_CXX_LANGUAGE_STANDARD = "gnu++0x";
				CLANG_CXX_LIBRARY = "libc++";
				CLANG_ENABLE_MODULES = YES;
				CLANG_ENABLE_OBJC_ARC = YES;
				CLANG_WARN_BOOL_CONVERSION = YES;
				CLANG_WARN_CONSTANT_CONVERSION = YES;
				CLANG_WARN_DIRECT_OBJC_ISA_USAGE = YES_ERROR;
				CLANG_WARN_EMPTY_BODY = YES;
				CLANG_WARN_ENUM_CONVERSION = YES;
				CLANG_WARN_INT_CONVERSION = YES;
				CLANG_WARN_OBJC_ROOT_CLASS = YES_ERROR;
				CLANG_WARN_UNREACHABLE_CODE = YES;
				CLANG_WARN__DUPLICATE_METHOD_MATCH = YES;
				"CODE_SIGN_IDENTITY[sdk=iphoneos*]" = "iPhone Developer";
				COPY_PHASE_STRIP = NO;
				DEBUG_INFORMATION_FORMAT = "dwarf-with-dsym";
				ENABLE_NS_ASSERTIONS = NO;
				ENABLE_STRICT_OBJC_MSGSEND = YES;
				GCC_C_LANGUAGE_STANDARD = gnu99;
				GCC_NO_COMMON_BLOCKS = YES;
				GCC_WARN_64_TO_32_BIT_CONVERSION = YES;
				GCC_WARN_ABOUT_RETURN_TYPE = YES_ERROR;
				GCC_WARN_UNDECLARED_SELECTOR = YES;
				GCC_WARN_UNINITIALIZED_AUTOS = YES_AGGRESSIVE;
				GCC_WARN_UNUSED_FUNCTION = YES;
				GCC_WARN_UNUSED_VARIABLE = YES;
				IPHONEOS_DEPLOYMENT_TARGET = 9.1;
				MTL_ENABLE_DEBUG_INFO = NO;
				SDKROOT = iphoneos;
				VALIDATE_PRODUCT = YES;
			};
			name = Release;
		};
		44B288811C02299E007B75EF /* Debug */ = {
			isa = XCBuildConfiguration;
			baseConfigurationReference = 2CE125FA0E64F9E8C55418A3 /* Pods-Yelp.debug.xcconfig */;
			buildSettings = {
				ASSETCATALOG_COMPILER_APPICON_NAME = AppIcon;
				INFOPLIST_FILE = Yelp/Info.plist;
				LD_RUNPATH_SEARCH_PATHS = "$(inherited) @executable_path/Frameworks";
				PRODUCT_BUNDLE_IDENTIFIER = com.3anhem.Yelp;
				PRODUCT_NAME = "$(TARGET_NAME)";
			};
			name = Debug;
		};
		44B288821C02299E007B75EF /* Release */ = {
			isa = XCBuildConfiguration;
			baseConfigurationReference = 405941BC45A8C8A3B5658879 /* Pods-Yelp.release.xcconfig */;
			buildSettings = {
				ASSETCATALOG_COMPILER_APPICON_NAME = AppIcon;
				INFOPLIST_FILE = Yelp/Info.plist;
				LD_RUNPATH_SEARCH_PATHS = "$(inherited) @executable_path/Frameworks";
				PRODUCT_BUNDLE_IDENTIFIER = com.3anhem.Yelp;
				PRODUCT_NAME = "$(TARGET_NAME)";
			};
			name = Release;
		};
/* End XCBuildConfiguration section */

/* Begin XCConfigurationList section */
		44B288691C02299E007B75EF /* Build configuration list for PBXProject "Yelp" */ = {
			isa = XCConfigurationList;
			buildConfigurations = (
				44B2887E1C02299E007B75EF /* Debug */,
				44B2887F1C02299E007B75EF /* Release */,
			);
			defaultConfigurationIsVisible = 0;
			defaultConfigurationName = Release;
		};
		44B288801C02299E007B75EF /* Build configuration list for PBXNativeTarget "Yelp" */ = {
			isa = XCConfigurationList;
			buildConfigurations = (
				44B288811C02299E007B75EF /* Debug */,
				44B288821C02299E007B75EF /* Release */,
			);
			defaultConfigurationIsVisible = 0;
			defaultConfigurationName = Release;
		};
/* End XCConfigurationList section */
	};
	rootObject = 44B288661C02299E007B75EF /* Project object */;
}
